
Microsoft Visual Studio Solution File, Format Version 12.00
# Visual Studio Version 16
VisualStudioVersion = 16.0.30907.101
MinimumVisualStudioVersion = 10.0.40219.1
Project("{FAE04EC0-301F-11D3-BF4B-00C04F79EFBC}") = "MainApp", "..\MainApp\MainApp.csproj", "{22343290-38C6-4065-AA52-F792104C31D4}"
EndProject
Global
	GlobalSection(SolutionConfigurationPlatforms) = preSolution
		Debug|Any CPU = Debug|Any CPU
		Release|Any CPU = Release|Any CPU
	EndGlobalSection
	GlobalSection(ProjectConfigurationPlatforms) = postSolution
		{22343290-38C6-4065-AA52-F792104C31D4}.Debug|Any CPU.ActiveCfg = Debug|Any CPU
		{22343290-38C6-4065-AA52-F792104C31D4}.Debug|Any CPU.Build.0 = Debug|Any CPU
		{22343290-38C6-4065-AA52-F792104C31D4}.Release|Any CPU.ActiveCfg = Release|Any CPU
		{22343290-38C6-4065-AA52-F792104C31D4}.Release|Any CPU.Build.0 = Release|Any CPU
	EndGlobalSection
	GlobalSection(SolutionProperties) = preSolution
		HideSolutionNode = FALSE
	EndGlobalSection
	GlobalSection(ExtensibilityGlobals) = postSolution
		SolutionGuid = {272E0F51-E2A3-47F7-B118-7CD50F7B1AFF}
	EndGlobalSection
EndGlobal
